
Microsoft Visual Studio Solution File, Format Version 12.00
# Visual Studio Version 17
VisualStudioVersion = 17.5.33516.290
MinimumVisualStudioVersion = 10.0.40219.1
Project("{FAE04EC0-301F-11D3-BF4B-00C04F79EFBC}") = "BlogPlatform", "BlogPlatform\BlogPlatform.csproj", "{FB09F56C-BA9D-4F3A-9056-2BD7F54711BA}"
EndProject
Global
	GlobalSection(SolutionConfigurationPlatforms) = preSolution
		Debug|Any CPU = Debug|Any CPU
		Release|Any CPU = Release|Any CPU
	EndGlobalSection
	GlobalSection(ProjectConfigurationPlatforms) = postSolution
		{FB09F56C-BA9D-4F3A-9056-2BD7F54711BA}.Debug|Any CPU.ActiveCfg = Debug|Any CPU
		{FB09F56C-BA9D-4F3A-9056-2BD7F54711BA}.Debug|Any CPU.Build.0 = Debug|Any CPU
		{FB09F56C-BA9D-4F3A-9056-2BD7F54711BA}.Release|Any CPU.ActiveCfg = Release|Any CPU
		{FB09F56C-BA9D-4F3A-9056-2BD7F54711BA}.Release|Any CPU.Build.0 = Release|Any CPU
	EndGlobalSection
	GlobalSection(SolutionProperties) = preSolution
		HideSolutionNode = FALSE
	EndGlobalSection
	GlobalSection(ExtensibilityGlobals) = postSolution
		SolutionGuid = {45770871-6840-41F6-A2FB-56F112D5FB87}
	EndGlobalSection
EndGlobal
